// !$*UTF8*$!
{
	archiveVersion = 1;
	classes = {
	};
	objectVersion = 50;
	objects = {

/* Begin PBXBuildFile section */
		25785D36C952219DAF15C31F /* Pods_Poadcast.framework in Frameworks */ = {isa = PBXBuildFile; fileRef = FB377CC0517B6EBCAC3DACC9 /* Pods_Poadcast.framework */; };
		4E017906227B0A290066828C /* UIApplication.swift in Sources */ = {isa = PBXBuildFile; fileRef = 4E017905227B0A290066828C /* UIApplication.swift */; };
		4E5F264A2279E495001702E7 /* CMTime.swift in Sources */ = {isa = PBXBuildFile; fileRef = 4E5F26492279E495001702E7 /* CMTime.swift */; };
		4E674E52227D913B00E1E430 /* FavoriteVC.swift in Sources */ = {isa = PBXBuildFile; fileRef = 4E674E51227D913B00E1E430 /* FavoriteVC.swift */; };
		4E674E54227D933200E1E430 /* FavoriteCell.swift in Sources */ = {isa = PBXBuildFile; fileRef = 4E674E53227D933200E1E430 /* FavoriteCell.swift */; };
		4E72DEA2227897AB00CC16C8 /* SingeltonAPI.swift in Sources */ = {isa = PBXBuildFile; fileRef = 4E72DEA1227897AB00CC16C8 /* SingeltonAPI.swift */; };
		4E72DEA522789AEA00CC16C8 /* PodcastCell.xib in Resources */ = {isa = PBXBuildFile; fileRef = 4E72DEA422789AEA00CC16C8 /* PodcastCell.xib */; };
		4E72DEA722789D6100CC16C8 /* PodcastCell.swift in Sources */ = {isa = PBXBuildFile; fileRef = 4E72DEA622789D6100CC16C8 /* PodcastCell.swift */; };
		4E737B6522799BBC000D179D /* EpoisdeCell.swift in Sources */ = {isa = PBXBuildFile; fileRef = 4E737B6322799BBC000D179D /* EpoisdeCell.swift */; };
		4E737B6622799BBC000D179D /* EpoisdeCell.xib in Resources */ = {isa = PBXBuildFile; fileRef = 4E737B6422799BBC000D179D /* EpoisdeCell.xib */; };
		4E7D371B22784842007DB63B /* AppDelegate.swift in Sources */ = {isa = PBXBuildFile; fileRef = 4E7D371A22784842007DB63B /* AppDelegate.swift */; };
		4E7D371D22784842007DB63B /* SearchVC.swift in Sources */ = {isa = PBXBuildFile; fileRef = 4E7D371C22784842007DB63B /* SearchVC.swift */; };
		4E7D372022784842007DB63B /* Main.storyboard in Resources */ = {isa = PBXBuildFile; fileRef = 4E7D371E22784842007DB63B /* Main.storyboard */; };
		4E7D372222784844007DB63B /* Assets.xcassets in Resources */ = {isa = PBXBuildFile; fileRef = 4E7D372122784844007DB63B /* Assets.xcassets */; };
		4E7D372522784844007DB63B /* LaunchScreen.storyboard in Resources */ = {isa = PBXBuildFile; fileRef = 4E7D372322784844007DB63B /* LaunchScreen.storyboard */; };
		4E7D372E22784B12007DB63B /* MainTabBarVC.swift in Sources */ = {isa = PBXBuildFile; fileRef = 4E7D372D22784B12007DB63B /* MainTabBarVC.swift */; };
		4E7D373222784C3B007DB63B /* DownloadVC.swift in Sources */ = {isa = PBXBuildFile; fileRef = 4E7D373122784C3B007DB63B /* DownloadVC.swift */; };
		4E83293E22786A1500755EB9 /* ExtensionUivew.swift in Sources */ = {isa = PBXBuildFile; fileRef = 4E83293D22786A1500755EB9 /* ExtensionUivew.swift */; };
		4E83294122786A3D00755EB9 /* PodcastModel.swift in Sources */ = {isa = PBXBuildFile; fileRef = 4E83294022786A3D00755EB9 /* PodcastModel.swift */; };
		4E869F032279B58C00D474CA /* String.swift in Sources */ = {isa = PBXBuildFile; fileRef = 4E869F022279B58C00D474CA /* String.swift */; };
		4E869F052279B70100D474CA /* RSSFeed.swift in Sources */ = {isa = PBXBuildFile; fileRef = 4E869F042279B70100D474CA /* RSSFeed.swift */; };
		4E87E5352279C1B2002E5DA3 /* PlayerEpoisdeView.xib in Resources */ = {isa = PBXBuildFile; fileRef = 4E87E5342279C1B2002E5DA3 /* PlayerEpoisdeView.xib */; };
		4E87E5372279C402002E5DA3 /* PlayerEpoisdeView.swift in Sources */ = {isa = PBXBuildFile; fileRef = 4E87E5362279C402002E5DA3 /* PlayerEpoisdeView.swift */; };
		4E93627022797E760018ADF8 /* EpoisdesVC.swift in Sources */ = {isa = PBXBuildFile; fileRef = 4E93626F22797E760018ADF8 /* EpoisdesVC.swift */; };
		4E936273227981EA0018ADF8 /* EpoisdesModel.swift in Sources */ = {isa = PBXBuildFile; fileRef = 4E936272227981EA0018ADF8 /* EpoisdesModel.swift */; };
/* End PBXBuildFile section */

/* Begin PBXFileReference section */
		4E017905227B0A290066828C /* UIApplication.swift */ = {isa = PBXFileReference; lastKnownFileType = sourcecode.swift; path = UIApplication.swift; sourceTree = "<group>"; };
		4E5F26492279E495001702E7 /* CMTime.swift */ = {isa = PBXFileReference; lastKnownFileType = sourcecode.swift; path = CMTime.swift; sourceTree = "<group>"; };
		4E674E51227D913B00E1E430 /* FavoriteVC.swift */ = {isa = PBXFileReference; lastKnownFileType = sourcecode.swift; path = FavoriteVC.swift; sourceTree = "<group>"; };
		4E674E53227D933200E1E430 /* FavoriteCell.swift */ = {isa = PBXFileReference; lastKnownFileType = sourcecode.swift; path = FavoriteCell.swift; sourceTree = "<group>"; };
		4E72DEA1227897AB00CC16C8 /* SingeltonAPI.swift */ = {isa = PBXFileReference; lastKnownFileType = sourcecode.swift; path = SingeltonAPI.swift; sourceTree = "<group>"; };
		4E72DEA422789AEA00CC16C8 /* PodcastCell.xib */ = {isa = PBXFileReference; lastKnownFileType = file.xib; path = PodcastCell.xib; sourceTree = "<group>"; };
		4E72DEA622789D6100CC16C8 /* PodcastCell.swift */ = {isa = PBXFileReference; lastKnownFileType = sourcecode.swift; path = PodcastCell.swift; sourceTree = "<group>"; };
		4E737B6322799BBC000D179D /* EpoisdeCell.swift */ = {isa = PBXFileReference; lastKnownFileType = sourcecode.swift; path = EpoisdeCell.swift; sourceTree = "<group>"; };
		4E737B6422799BBC000D179D /* EpoisdeCell.xib */ = {isa = PBXFileReference; lastKnownFileType = file.xib; path = EpoisdeCell.xib; sourceTree = "<group>"; };
		4E7D371722784842007DB63B /* Poadcast.app */ = {isa = PBXFileReference; explicitFileType = wrapper.application; includeInIndex = 0; path = Poadcast.app; sourceTree = BUILT_PRODUCTS_DIR; };
		4E7D371A22784842007DB63B /* AppDelegate.swift */ = {isa = PBXFileReference; lastKnownFileType = sourcecode.swift; path = AppDelegate.swift; sourceTree = "<group>"; };
		4E7D371C22784842007DB63B /* SearchVC.swift */ = {isa = PBXFileReference; lastKnownFileType = sourcecode.swift; path = SearchVC.swift; sourceTree = "<group>"; };
		4E7D371F22784842007DB63B /* Base */ = {isa = PBXFileReference; lastKnownFileType = file.storyboard; name = Base; path = Base.lproj/Main.storyboard; sourceTree = "<group>"; };
		4E7D372122784844007DB63B /* Assets.xcassets */ = {isa = PBXFileReference; lastKnownFileType = folder.assetcatalog; path = Assets.xcassets; sourceTree = "<group>"; };
		4E7D372422784844007DB63B /* Base */ = {isa = PBXFileReference; lastKnownFileType = file.storyboard; name = Base; path = Base.lproj/LaunchScreen.storyboard; sourceTree = "<group>"; };
		4E7D372622784844007DB63B /* Info.plist */ = {isa = PBXFileReference; lastKnownFileType = text.plist.xml; path = Info.plist; sourceTree = "<group>"; };
		4E7D372D22784B12007DB63B /* MainTabBarVC.swift */ = {isa = PBXFileReference; lastKnownFileType = sourcecode.swift; path = MainTabBarVC.swift; sourceTree = "<group>"; };
		4E7D373122784C3B007DB63B /* DownloadVC.swift */ = {isa = PBXFileReference; lastKnownFileType = sourcecode.swift; path = DownloadVC.swift; sourceTree = "<group>"; };
		4E83293D22786A1500755EB9 /* ExtensionUivew.swift */ = {isa = PBXFileReference; fileEncoding = 4; lastKnownFileType = sourcecode.swift; path = ExtensionUivew.swift; sourceTree = "<group>"; };
		4E83294022786A3D00755EB9 /* PodcastModel.swift */ = {isa = PBXFileReference; lastKnownFileType = sourcecode.swift; path = PodcastModel.swift; sourceTree = "<group>"; };
		4E869F022279B58C00D474CA /* String.swift */ = {isa = PBXFileReference; lastKnownFileType = sourcecode.swift; path = String.swift; sourceTree = "<group>"; };
		4E869F042279B70100D474CA /* RSSFeed.swift */ = {isa = PBXFileReference; lastKnownFileType = sourcecode.swift; path = RSSFeed.swift; sourceTree = "<group>"; };
		4E87E5342279C1B2002E5DA3 /* PlayerEpoisdeView.xib */ = {isa = PBXFileReference; lastKnownFileType = file.xib; path = PlayerEpoisdeView.xib; sourceTree = "<group>"; };
		4E87E5362279C402002E5DA3 /* PlayerEpoisdeView.swift */ = {isa = PBXFileReference; lastKnownFileType = sourcecode.swift; path = PlayerEpoisdeView.swift; sourceTree = "<group>"; };
		4E93626F22797E760018ADF8 /* EpoisdesVC.swift */ = {isa = PBXFileReference; lastKnownFileType = sourcecode.swift; path = EpoisdesVC.swift; sourceTree = "<group>"; };
		4E936272227981EA0018ADF8 /* EpoisdesModel.swift */ = {isa = PBXFileReference; lastKnownFileType = sourcecode.swift; path = EpoisdesModel.swift; sourceTree = "<group>"; };
		A686C226FC1B741C6BE7E8E7 /* Pods-Poadcast.debug.xcconfig */ = {isa = PBXFileReference; includeInIndex = 1; lastKnownFileType = text.xcconfig; name = "Pods-Poadcast.debug.xcconfig"; path = "Target Support Files/Pods-Poadcast/Pods-Poadcast.debug.xcconfig"; sourceTree = "<group>"; };
		D0BA3E6AB94E8D223AD28C42 /* Pods-Poadcast.release.xcconfig */ = {isa = PBXFileReference; includeInIndex = 1; lastKnownFileType = text.xcconfig; name = "Pods-Poadcast.release.xcconfig"; path = "Target Support Files/Pods-Poadcast/Pods-Poadcast.release.xcconfig"; sourceTree = "<group>"; };
		FB377CC0517B6EBCAC3DACC9 /* Pods_Poadcast.framework */ = {isa = PBXFileReference; explicitFileType = wrapper.framework; includeInIndex = 0; path = Pods_Poadcast.framework; sourceTree = BUILT_PRODUCTS_DIR; };
/* End PBXFileReference section */

/* Begin PBXFrameworksBuildPhase section */
		4E7D371422784842007DB63B /* Frameworks */ = {
			isa = PBXFrameworksBuildPhase;
			buildActionMask = 2147483647;
			files = (
				25785D36C952219DAF15C31F /* Pods_Poadcast.framework in Frameworks */,
			);
			runOnlyForDeploymentPostprocessing = 0;
		};
/* End PBXFrameworksBuildPhase section */

/* Begin PBXGroup section */
		4E674E50227D907400E1E430 /* favorite */ = {
			isa = PBXGroup;
			children = (
				4E674E51227D913B00E1E430 /* FavoriteVC.swift */,
			);
			path = favorite;
			sourceTree = "<group>";
		};
		4E72DEA02278978C00CC16C8 /* API */ = {
			isa = PBXGroup;
			children = (
				4E72DEA1227897AB00CC16C8 /* SingeltonAPI.swift */,
			);
			path = API;
			sourceTree = "<group>";
		};
		4E72DEA322789ACC00CC16C8 /* view */ = {
			isa = PBXGroup;
			children = (
				4E72DEA422789AEA00CC16C8 /* PodcastCell.xib */,
				4E72DEA622789D6100CC16C8 /* PodcastCell.swift */,
				4E737B6322799BBC000D179D /* EpoisdeCell.swift */,
				4E737B6422799BBC000D179D /* EpoisdeCell.xib */,
				4E87E5342279C1B2002E5DA3 /* PlayerEpoisdeView.xib */,
				4E87E5362279C402002E5DA3 /* PlayerEpoisdeView.swift */,
				4E674E53227D933200E1E430 /* FavoriteCell.swift */,
			);
			path = view;
			sourceTree = "<group>";
		};
		4E7D370E22784842007DB63B = {
			isa = PBXGroup;
			children = (
				4E7D371922784842007DB63B /* Poadcast */,
				4E7D371822784842007DB63B /* Products */,
				524C89E009EE67EE21B2C066 /* Pods */,
				C9B040E080570A2FF9BB2DDC /* Frameworks */,
			);
			sourceTree = "<group>";
		};
		4E7D371822784842007DB63B /* Products */ = {
			isa = PBXGroup;
			children = (
				4E7D371722784842007DB63B /* Poadcast.app */,
			);
			name = Products;
			sourceTree = "<group>";
		};
		4E7D371922784842007DB63B /* Poadcast */ = {
			isa = PBXGroup;
			children = (
				4E7D371A22784842007DB63B /* AppDelegate.swift */,
				4E72DEA02278978C00CC16C8 /* API */,
				4E83293F22786A2400755EB9 /* model */,
				4E72DEA322789ACC00CC16C8 /* view */,
				4E7D372C227848B4007DB63B /* controller */,
				4E7D371E22784842007DB63B /* Main.storyboard */,
				4E7D372122784844007DB63B /* Assets.xcassets */,
				4E7D372322784844007DB63B /* LaunchScreen.storyboard */,
				4E7D372622784844007DB63B /* Info.plist */,
				4E93626E227977410018ADF8 /* extensions */,
			);
			path = Poadcast;
			sourceTree = "<group>";
		};
		4E7D372C227848B4007DB63B /* controller */ = {
			isa = PBXGroup;
			children = (
				4E7D372D22784B12007DB63B /* MainTabBarVC.swift */,
				4E674E50227D907400E1E430 /* favorite */,
				4E93627122797E800018ADF8 /* Search */,
				4E7D373122784C3B007DB63B /* DownloadVC.swift */,
			);
			path = controller;
			sourceTree = "<group>";
		};
		4E83293F22786A2400755EB9 /* model */ = {
			isa = PBXGroup;
			children = (
				4E83294022786A3D00755EB9 /* PodcastModel.swift */,
				4E936272227981EA0018ADF8 /* EpoisdesModel.swift */,
			);
			path = model;
			sourceTree = "<group>";
		};
		4E93626E227977410018ADF8 /* extensions */ = {
			isa = PBXGroup;
			children = (
				4E83293D22786A1500755EB9 /* ExtensionUivew.swift */,
				4E869F022279B58C00D474CA /* String.swift */,
				4E869F042279B70100D474CA /* RSSFeed.swift */,
				4E5F26492279E495001702E7 /* CMTime.swift */,
				4E017905227B0A290066828C /* UIApplication.swift */,
			);
			path = extensions;
			sourceTree = "<group>";
		};
		4E93627122797E800018ADF8 /* Search */ = {
			isa = PBXGroup;
			children = (
				4E7D371C22784842007DB63B /* SearchVC.swift */,
				4E93626F22797E760018ADF8 /* EpoisdesVC.swift */,
			);
			path = Search;
			sourceTree = "<group>";
		};
		524C89E009EE67EE21B2C066 /* Pods */ = {
			isa = PBXGroup;
			children = (
				A686C226FC1B741C6BE7E8E7 /* Pods-Poadcast.debug.xcconfig */,
				D0BA3E6AB94E8D223AD28C42 /* Pods-Poadcast.release.xcconfig */,
			);
			path = Pods;
			sourceTree = "<group>";
		};
		C9B040E080570A2FF9BB2DDC /* Frameworks */ = {
			isa = PBXGroup;
			children = (
				FB377CC0517B6EBCAC3DACC9 /* Pods_Poadcast.framework */,
			);
			name = Frameworks;
			sourceTree = "<group>";
		};
/* End PBXGroup section */

/* Begin PBXNativeTarget section */
		4E7D371622784842007DB63B /* Poadcast */ = {
			isa = PBXNativeTarget;
			buildConfigurationList = 4E7D372922784844007DB63B /* Build configuration list for PBXNativeTarget "Poadcast" */;
			buildPhases = (
				19F6CF2CEB55B7C68E9279E7 /* [CP] Check Pods Manifest.lock */,
				4E7D371322784842007DB63B /* Sources */,
				4E7D371422784842007DB63B /* Frameworks */,
				4E7D371522784842007DB63B /* Resources */,
				166A92455D5FEF2782049403 /* [CP] Embed Pods Frameworks */,
			);
			buildRules = (
			);
			dependencies = (
			);
			name = Poadcast;
			productName = Poadcast;
			productReference = 4E7D371722784842007DB63B /* Poadcast.app */;
			productType = "com.apple.product-type.application";
		};
/* End PBXNativeTarget section */

/* Begin PBXProject section */
		4E7D370F22784842007DB63B /* Project object */ = {
			isa = PBXProject;
			attributes = {
				LastSwiftUpdateCheck = 1000;
				LastUpgradeCheck = 1000;
				ORGANIZATIONNAME = hosam;
				TargetAttributes = {
					4E7D371622784842007DB63B = {
						CreatedOnToolsVersion = 10.0;
						SystemCapabilities = {
							com.apple.BackgroundModes = {
								enabled = 1;
							};
						};
					};
				};
			};
			buildConfigurationList = 4E7D371222784842007DB63B /* Build configuration list for PBXProject "Poadcast" */;
			compatibilityVersion = "Xcode 9.3";
			developmentRegion = en;
			hasScannedForEncodings = 0;
			knownRegions = (
				en,
				Base,
			);
			mainGroup = 4E7D370E22784842007DB63B;
			productRefGroup = 4E7D371822784842007DB63B /* Products */;
			projectDirPath = "";
			projectRoot = "";
			targets = (
				4E7D371622784842007DB63B /* Poadcast */,
			);
		};
/* End PBXProject section */

/* Begin PBXResourcesBuildPhase section */
		4E7D371522784842007DB63B /* Resources */ = {
			isa = PBXResourcesBuildPhase;
			buildActionMask = 2147483647;
			files = (
				4E7D372522784844007DB63B /* LaunchScreen.storyboard in Resources */,
				4E7D372222784844007DB63B /* Assets.xcassets in Resources */,
				4E72DEA522789AEA00CC16C8 /* PodcastCell.xib in Resources */,
				4E87E5352279C1B2002E5DA3 /* PlayerEpoisdeView.xib in Resources */,
				4E7D372022784842007DB63B /* Main.storyboard in Resources */,
				4E737B6622799BBC000D179D /* EpoisdeCell.xib in Resources */,
			);
			runOnlyForDeploymentPostprocessing = 0;
		};
/* End PBXResourcesBuildPhase section */

/* Begin PBXShellScriptBuildPhase section */
		166A92455D5FEF2782049403 /* [CP] Embed Pods Frameworks */ = {
			isa = PBXShellScriptBuildPhase;
			buildActionMask = 2147483647;
			files = (
			);
			inputFileListPaths = (
			);
			inputPaths = (
				"${PODS_ROOT}/Target Support Files/Pods-Poadcast/Pods-Poadcast-frameworks.sh",
				"${BUILT_PRODUCTS_DIR}/Alamofire/Alamofire.framework",
				"${BUILT_PRODUCTS_DIR}/FeedKit/FeedKit.framework",
				"${BUILT_PRODUCTS_DIR}/SDWebImage/SDWebImage.framework",
			);
			name = "[CP] Embed Pods Frameworks";
			outputFileListPaths = (
			);
			outputPaths = (
				"${TARGET_BUILD_DIR}/${FRAMEWORKS_FOLDER_PATH}/Alamofire.framework",
				"${TARGET_BUILD_DIR}/${FRAMEWORKS_FOLDER_PATH}/FeedKit.framework",
				"${TARGET_BUILD_DIR}/${FRAMEWORKS_FOLDER_PATH}/SDWebImage.framework",
			);
			runOnlyForDeploymentPostprocessing = 0;
			shellPath = /bin/sh;
			shellScript = "\"${PODS_ROOT}/Target Support Files/Pods-Poadcast/Pods-Poadcast-frameworks.sh\"\n";
			showEnvVarsInLog = 0;
		};
		19F6CF2CEB55B7C68E9279E7 /* [CP] Check Pods Manifest.lock */ = {
			isa = PBXShellScriptBuildPhase;
			buildActionMask = 2147483647;
			files = (
			);
			inputFileListPaths = (
			);
			inputPaths = (
				"${PODS_PODFILE_DIR_PATH}/Podfile.lock",
				"${PODS_ROOT}/Manifest.lock",
			);
			name = "[CP] Check Pods Manifest.lock";
			outputFileListPaths = (
			);
			outputPaths = (
				"$(DERIVED_FILE_DIR)/Pods-Poadcast-checkManifestLockResult.txt",
			);
			runOnlyForDeploymentPostprocessing = 0;
			shellPath = /bin/sh;
			shellScript = "diff \"${PODS_PODFILE_DIR_PATH}/Podfile.lock\" \"${PODS_ROOT}/Manifest.lock\" > /dev/null\nif [ $? != 0 ] ; then\n    # print error to STDERR\n    echo \"error: The sandbox is not in sync with the Podfile.lock. Run 'pod install' or update your CocoaPods installation.\" >&2\n    exit 1\nfi\n# This output is used by Xcode 'outputs' to avoid re-running this script phase.\necho \"SUCCESS\" > \"${SCRIPT_OUTPUT_FILE_0}\"\n";
			showEnvVarsInLog = 0;
		};
/* End PBXShellScriptBuildPhase section */

/* Begin PBXSourcesBuildPhase section */
		4E7D371322784842007DB63B /* Sources */ = {
			isa = PBXSourcesBuildPhase;
			buildActionMask = 2147483647;
			files = (
				4E83294122786A3D00755EB9 /* PodcastModel.swift in Sources */,
				4E869F032279B58C00D474CA /* String.swift in Sources */,
				4E674E52227D913B00E1E430 /* FavoriteVC.swift in Sources */,
				4E72DEA2227897AB00CC16C8 /* SingeltonAPI.swift in Sources */,
				4E869F052279B70100D474CA /* RSSFeed.swift in Sources */,
				4E7D373222784C3B007DB63B /* DownloadVC.swift in Sources */,
				4E5F264A2279E495001702E7 /* CMTime.swift in Sources */,
				4E83293E22786A1500755EB9 /* ExtensionUivew.swift in Sources */,
				4E7D371D22784842007DB63B /* SearchVC.swift in Sources */,
				4E7D372E22784B12007DB63B /* MainTabBarVC.swift in Sources */,
				4E72DEA722789D6100CC16C8 /* PodcastCell.swift in Sources */,
				4E017906227B0A290066828C /* UIApplication.swift in Sources */,
				4E936273227981EA0018ADF8 /* EpoisdesModel.swift in Sources */,
				4E737B6522799BBC000D179D /* EpoisdeCell.swift in Sources */,
				4E87E5372279C402002E5DA3 /* PlayerEpoisdeView.swift in Sources */,
				4E674E54227D933200E1E430 /* FavoriteCell.swift in Sources */,
				4E93627022797E760018ADF8 /* EpoisdesVC.swift in Sources */,
				4E7D371B22784842007DB63B /* AppDelegate.swift in Sources */,
			);
			runOnlyForDeploymentPostprocessing = 0;
		};
/* End PBXSourcesBuildPhase section */

/* Begin PBXVariantGroup section */
		4E7D371E22784842007DB63B /* Main.storyboard */ = {
			isa = PBXVariantGroup;
			children = (
				4E7D371F22784842007DB63B /* Base */,
			);
			name = Main.storyboard;
			sourceTree = "<group>";
		};
		4E7D372322784844007DB63B /* LaunchScreen.storyboard */ = {
			isa = PBXVariantGroup;
			children = (
				4E7D372422784844007DB63B /* Base */,
			);
			name = LaunchScreen.storyboard;
			sourceTree = "<group>";
		};
/* End PBXVariantGroup section */

/* Begin XCBuildConfiguration section */
		4E7D372722784844007DB63B /* Debug */ = {
			isa = XCBuildConfiguration;
			buildSettings = {
				ALWAYS_SEARCH_USER_PATHS = NO;
				CLANG_ANALYZER_NONNULL = YES;
				CLANG_ANALYZER_NUMBER_OBJECT_CONVERSION = YES_AGGRESSIVE;
				CLANG_CXX_LANGUAGE_STANDARD = "gnu++14";
				CLANG_CXX_LIBRARY = "libc++";
				CLANG_ENABLE_MODULES = YES;
				CLANG_ENABLE_OBJC_ARC = YES;
				CLANG_ENABLE_OBJC_WEAK = YES;
				CLANG_WARN_BLOCK_CAPTURE_AUTORELEASING = YES;
				CLANG_WARN_BOOL_CONVERSION = YES;
				CLANG_WARN_COMMA = YES;
				CLANG_WARN_CONSTANT_CONVERSION = YES;
				CLANG_WARN_DEPRECATED_OBJC_IMPLEMENTATIONS = YES;
				CLANG_WARN_DIRECT_OBJC_ISA_USAGE = YES_ERROR;
				CLANG_WARN_DOCUMENTATION_COMMENTS = YES;
				CLANG_WARN_EMPTY_BODY = YES;
				CLANG_WARN_ENUM_CONVERSION = YES;
				CLANG_WARN_INFINITE_RECURSION = YES;
				CLANG_WARN_INT_CONVERSION = YES;
				CLANG_WARN_NON_LITERAL_NULL_CONVERSION = YES;
				CLANG_WARN_OBJC_IMPLICIT_RETAIN_SELF = YES;
				CLANG_WARN_OBJC_LITERAL_CONVERSION = YES;
				CLANG_WARN_OBJC_ROOT_CLASS = YES_ERROR;
				CLANG_WARN_RANGE_LOOP_ANALYSIS = YES;
				CLANG_WARN_STRICT_PROTOTYPES = YES;
				CLANG_WARN_SUSPICIOUS_MOVE = YES;
				CLANG_WARN_UNGUARDED_AVAILABILITY = YES_AGGRESSIVE;
				CLANG_WARN_UNREACHABLE_CODE = YES;
				CLANG_WARN__DUPLICATE_METHOD_MATCH = YES;
				CODE_SIGN_IDENTITY = "iPhone Developer";
				COPY_PHASE_STRIP = NO;
				DEBUG_INFORMATION_FORMAT = dwarf;
				ENABLE_STRICT_OBJC_MSGSEND = YES;
				ENABLE_TESTABILITY = YES;
				GCC_C_LANGUAGE_STANDARD = gnu11;
				GCC_DYNAMIC_NO_PIC = NO;
				GCC_NO_COMMON_BLOCKS = YES;
				GCC_OPTIMIZATION_LEVEL = 0;
				GCC_PREPROCESSOR_DEFINITIONS = (
					"DEBUG=1",
					"$(inherited)",
				);
				GCC_WARN_64_TO_32_BIT_CONVERSION = YES;
				GCC_WARN_ABOUT_RETURN_TYPE = YES_ERROR;
				GCC_WARN_UNDECLARED_SELECTOR = YES;
				GCC_WARN_UNINITIALIZED_AUTOS = YES_AGGRESSIVE;
				GCC_WARN_UNUSED_FUNCTION = YES;
				GCC_WARN_UNUSED_VARIABLE = YES;
				IPHONEOS_DEPLOYMENT_TARGET = 12.0;
				MTL_ENABLE_DEBUG_INFO = INCLUDE_SOURCE;
				MTL_FAST_MATH = YES;
				ONLY_ACTIVE_ARCH = YES;
				SDKROOT = iphoneos;
				SWIFT_ACTIVE_COMPILATION_CONDITIONS = DEBUG;
				SWIFT_OPTIMIZATION_LEVEL = "-Onone";
			};
			name = Debug;
		};
		4E7D372822784844007DB63B /* Release */ = {
			isa = XCBuildConfiguration;
			buildSettings = {
				ALWAYS_SEARCH_USER_PATHS = NO;
				CLANG_ANALYZER_NONNULL = YES;
				CLANG_ANALYZER_NUMBER_OBJECT_CONVERSION = YES_AGGRESSIVE;
				CLANG_CXX_LANGUAGE_STANDARD = "gnu++14";
				CLANG_CXX_LIBRARY = "libc++";
				CLANG_ENABLE_MODULES = YES;
				CLANG_ENABLE_OBJC_ARC = YES;
				CLANG_ENABLE_OBJC_WEAK = YES;
				CLANG_WARN_BLOCK_CAPTURE_AUTORELEASING = YES;
				CLANG_WARN_BOOL_CONVERSION = YES;
				CLANG_WARN_COMMA = YES;
				CLANG_WARN_CONSTANT_CONVERSION = YES;
				CLANG_WARN_DEPRECATED_OBJC_IMPLEMENTATIONS = YES;
				CLANG_WARN_DIRECT_OBJC_ISA_USAGE = YES_ERROR;
				CLANG_WARN_DOCUMENTATION_COMMENTS = YES;
				CLANG_WARN_EMPTY_BODY = YES;
				CLANG_WARN_ENUM_CONVERSION = YES;
				CLANG_WARN_INFINITE_RECURSION = YES;
				CLANG_WARN_INT_CONVERSION = YES;
				CLANG_WARN_NON_LITERAL_NULL_CONVERSION = YES;
				CLANG_WARN_OBJC_IMPLICIT_RETAIN_SELF = YES;
				CLANG_WARN_OBJC_LITERAL_CONVERSION = YES;
				CLANG_WARN_OBJC_ROOT_CLASS = YES_ERROR;
				CLANG_WARN_RANGE_LOOP_ANALYSIS = YES;
				CLANG_WARN_STRICT_PROTOTYPES = YES;
				CLANG_WARN_SUSPICIOUS_MOVE = YES;
				CLANG_WARN_UNGUARDED_AVAILABILITY = YES_AGGRESSIVE;
				CLANG_WARN_UNREACHABLE_CODE = YES;
				CLANG_WARN__DUPLICATE_METHOD_MATCH = YES;
				CODE_SIGN_IDENTITY = "iPhone Developer";
				COPY_PHASE_STRIP = NO;
				DEBUG_INFORMATION_FORMAT = "dwarf-with-dsym";
				ENABLE_NS_ASSERTIONS = NO;
				ENABLE_STRICT_OBJC_MSGSEND = YES;
				GCC_C_LANGUAGE_STANDARD = gnu11;
				GCC_NO_COMMON_BLOCKS = YES;
				GCC_WARN_64_TO_32_BIT_CONVERSION = YES;
				GCC_WARN_ABOUT_RETURN_TYPE = YES_ERROR;
				GCC_WARN_UNDECLARED_SELECTOR = YES;
				GCC_WARN_UNINITIALIZED_AUTOS = YES_AGGRESSIVE;
				GCC_WARN_UNUSED_FUNCTION = YES;
				GCC_WARN_UNUSED_VARIABLE = YES;
				IPHONEOS_DEPLOYMENT_TARGET = 12.0;
				MTL_ENABLE_DEBUG_INFO = NO;
				MTL_FAST_MATH = YES;
				SDKROOT = iphoneos;
				SWIFT_COMPILATION_MODE = wholemodule;
				SWIFT_OPTIMIZATION_LEVEL = "-O";
				VALIDATE_PRODUCT = YES;
			};
			name = Release;
		};
		4E7D372A22784844007DB63B /* Debug */ = {
			isa = XCBuildConfiguration;
			baseConfigurationReference = A686C226FC1B741C6BE7E8E7 /* Pods-Poadcast.debug.xcconfig */;
			buildSettings = {
				ASSETCATALOG_COMPILER_APPICON_NAME = AppIcon;
				CODE_SIGN_STYLE = Automatic;
				DEVELOPMENT_TEAM = 3QXQPJ9C62;
				INFOPLIST_FILE = Poadcast/Info.plist;
				LD_RUNPATH_SEARCH_PATHS = (
					"$(inherited)",
					"@executable_path/Frameworks",
				);
				PRODUCT_BUNDLE_IDENTIFIER = com.hosam.net.Poadcast;
				PRODUCT_NAME = "$(TARGET_NAME)";
				SWIFT_VERSION = 4.2;
				TARGETED_DEVICE_FAMILY = "1,2";
			};
			name = Debug;
		};
		4E7D372B22784844007DB63B /* Release */ = {
			isa = XCBuildConfiguration;
			baseConfigurationReference = D0BA3E6AB94E8D223AD28C42 /* Pods-Poadcast.release.xcconfig */;
			buildSettings = {
				ASSETCATALOG_COMPILER_APPICON_NAME = AppIcon;
				CODE_SIGN_STYLE = Automatic;
				DEVELOPMENT_TEAM = 3QXQPJ9C62;
				INFOPLIST_FILE = Poadcast/Info.plist;
				LD_RUNPATH_SEARCH_PATHS = (
					"$(inherited)",
					"@executable_path/Frameworks",
				);
				PRODUCT_BUNDLE_IDENTIFIER = com.hosam.net.Poadcast;
				PRODUCT_NAME = "$(TARGET_NAME)";
				SWIFT_VERSION = 4.2;
				TARGETED_DEVICE_FAMILY = "1,2";
			};
			name = Release;
		};
/* End XCBuildConfiguration section */

/* Begin XCConfigurationList section */
		4E7D371222784842007DB63B /* Build configuration list for PBXProject "Poadcast" */ = {
			isa = XCConfigurationList;
			buildConfigurations = (
				4E7D372722784844007DB63B /* Debug */,
				4E7D372822784844007DB63B /* Release */,
			);
			defaultConfigurationIsVisible = 0;
			defaultConfigurationName = Release;
		};
		4E7D372922784844007DB63B /* Build configuration list for PBXNativeTarget "Poadcast" */ = {
			isa = XCConfigurationList;
			buildConfigurations = (
				4E7D372A22784844007DB63B /* Debug */,
				4E7D372B22784844007DB63B /* Release */,
			);
			defaultConfigurationIsVisible = 0;
			defaultConfigurationName = Release;
		};
/* End XCConfigurationList section */
	};
	rootObject = 4E7D370F22784842007DB63B /* Project object */;
}
